
Microsoft Visual Studio Solution File, Format Version 12.00
Project("{FAE04EC0-301F-11D3-BF4B-00C04F79EFBC}") = "TodoAPI", "TodoAPI\TodoAPI.csproj", "{74D8C99B-D04C-4181-8DE7-71A6A703C90A}"
EndProject
Global
	GlobalSection(SolutionConfigurationPlatforms) = preSolution
		Debug|Any CPU = Debug|Any CPU
		Release|Any CPU = Release|Any CPU
	EndGlobalSection
	GlobalSection(ProjectConfigurationPlatforms) = postSolution
		{74D8C99B-D04C-4181-8DE7-71A6A703C90A}.Debug|Any CPU.ActiveCfg = Debug|Any CPU
		{74D8C99B-D04C-4181-8DE7-71A6A703C90A}.Debug|Any CPU.Build.0 = Debug|Any CPU
		{74D8C99B-D04C-4181-8DE7-71A6A703C90A}.Release|Any CPU.ActiveCfg = Release|Any CPU
		{74D8C99B-D04C-4181-8DE7-71A6A703C90A}.Release|Any CPU.Build.0 = Release|Any CPU
	EndGlobalSection
EndGlobal
