
Microsoft Visual Studio Solution File, Format Version 12.00
Project("{FAE04EC0-301F-11D3-BF4B-00C04F79EFBC}") = "UsernameGenerator", "UsernameGenerator\UsernameGenerator.csproj", "{13530C18-8F7C-4D4E-98C2-A9322317E296}"
EndProject
Global
	GlobalSection(SolutionConfigurationPlatforms) = preSolution
		Debug|Any CPU = Debug|Any CPU
		Release|Any CPU = Release|Any CPU
	EndGlobalSection
	GlobalSection(ProjectConfigurationPlatforms) = postSolution
		{13530C18-8F7C-4D4E-98C2-A9322317E296}.Debug|Any CPU.ActiveCfg = Debug|Any CPU
		{13530C18-8F7C-4D4E-98C2-A9322317E296}.Debug|Any CPU.Build.0 = Debug|Any CPU
		{13530C18-8F7C-4D4E-98C2-A9322317E296}.Release|Any CPU.ActiveCfg = Release|Any CPU
		{13530C18-8F7C-4D4E-98C2-A9322317E296}.Release|Any CPU.Build.0 = Release|Any CPU
	EndGlobalSection
EndGlobal
