
Microsoft Visual Studio Solution File, Format Version 12.00
Project("{FAE04EC0-301F-11D3-BF4B-00C04F79EFBC}") = "UsernameGenerator", "UsernameGenerator\UsernameGenerator.csproj", "{8B26B11B-77F5-4C0A-BDEC-2EB9E04028FA}"
EndProject
Global
	GlobalSection(SolutionConfigurationPlatforms) = preSolution
		Debug|Any CPU = Debug|Any CPU
		Release|Any CPU = Release|Any CPU
	EndGlobalSection
	GlobalSection(ProjectConfigurationPlatforms) = postSolution
		{8B26B11B-77F5-4C0A-BDEC-2EB9E04028FA}.Debug|Any CPU.ActiveCfg = Debug|Any CPU
		{8B26B11B-77F5-4C0A-BDEC-2EB9E04028FA}.Debug|Any CPU.Build.0 = Debug|Any CPU
		{8B26B11B-77F5-4C0A-BDEC-2EB9E04028FA}.Release|Any CPU.ActiveCfg = Release|Any CPU
		{8B26B11B-77F5-4C0A-BDEC-2EB9E04028FA}.Release|Any CPU.Build.0 = Release|Any CPU
	EndGlobalSection
EndGlobal
