
Microsoft Visual Studio Solution File, Format Version 12.00
# Visual Studio Version 17
VisualStudioVersion = 17.5.002.0
MinimumVisualStudioVersion = 10.0.40219.1
Project("{9A19103F-16F7-4668-BE54-9A1E7A4F7556}") = "UsernameGenerator", "UsernameGenerator.csproj", "{186574C7-449D-495E-BAF6-D707073DEB01}"
EndProject
Global
	GlobalSection(SolutionConfigurationPlatforms) = preSolution
		Debug|Any CPU = Debug|Any CPU
		Release|Any CPU = Release|Any CPU
	EndGlobalSection
	GlobalSection(ProjectConfigurationPlatforms) = postSolution
		{186574C7-449D-495E-BAF6-D707073DEB01}.Debug|Any CPU.ActiveCfg = Debug|Any CPU
		{186574C7-449D-495E-BAF6-D707073DEB01}.Debug|Any CPU.Build.0 = Debug|Any CPU
		{186574C7-449D-495E-BAF6-D707073DEB01}.Release|Any CPU.ActiveCfg = Release|Any CPU
		{186574C7-449D-495E-BAF6-D707073DEB01}.Release|Any CPU.Build.0 = Release|Any CPU
	EndGlobalSection
	GlobalSection(SolutionProperties) = preSolution
		HideSolutionNode = FALSE
	EndGlobalSection
	GlobalSection(ExtensibilityGlobals) = postSolution
		SolutionGuid = {FA0F998D-6132-4589-BD07-7B8FF204EA5C}
	EndGlobalSection
EndGlobal
