
Microsoft Visual Studio Solution File, Format Version 12.00
Project("{FAE04EC0-301F-11D3-BF4B-00C04F79EFBC}") = "Oppgave1", "Oppgave1\Oppgave1.csproj", "{B4C7A0DB-2688-4F29-AC79-1AD951A413F2}"
EndProject
Global
	GlobalSection(SolutionConfigurationPlatforms) = preSolution
		Debug|Any CPU = Debug|Any CPU
		Release|Any CPU = Release|Any CPU
	EndGlobalSection
	GlobalSection(ProjectConfigurationPlatforms) = postSolution
		{B4C7A0DB-2688-4F29-AC79-1AD951A413F2}.Debug|Any CPU.ActiveCfg = Debug|Any CPU
		{B4C7A0DB-2688-4F29-AC79-1AD951A413F2}.Debug|Any CPU.Build.0 = Debug|Any CPU
		{B4C7A0DB-2688-4F29-AC79-1AD951A413F2}.Release|Any CPU.ActiveCfg = Release|Any CPU
		{B4C7A0DB-2688-4F29-AC79-1AD951A413F2}.Release|Any CPU.Build.0 = Release|Any CPU
	EndGlobalSection
EndGlobal
